
Microsoft Visual Studio Solution File, Format Version 12.00
# Visual Studio Version 17
VisualStudioVersion = 17.0.31903.59
MinimumVisualStudioVersion = 10.0.40219.1
Project("{FAE04EC0-301F-11D3-BF4B-00C04F79EFBC}") = "ComplainatorAPI", "ComplainatorAPI\ComplainatorAPI.csproj", "{18E31C70-5FFF-4FDC-BBC0-FA96E9313E3F}"
EndProject
Project("{FAE04EC0-301F-11D3-BF4B-00C04F79EFBC}") = "ComplainatorAPI.Tests", "ComplainatorAPI.Tests\ComplainatorAPI.Tests.csproj", "{2275FE36-50E2-4089-95CC-8B7AC4B0ED46}"
EndProject
Global
	GlobalSection(SolutionConfigurationPlatforms) = preSolution
		Debug|Any CPU = Debug|Any CPU
		Debug|x64 = Debug|x64
		Debug|x86 = Debug|x86
		Release|Any CPU = Release|Any CPU
		Release|x64 = Release|x64
		Release|x86 = Release|x86
	EndGlobalSection
	GlobalSection(ProjectConfigurationPlatforms) = postSolution
		{18E31C70-5FFF-4FDC-BBC0-FA96E9313E3F}.Debug|Any CPU.ActiveCfg = Debug|Any CPU
		{18E31C70-5FFF-4FDC-BBC0-FA96E9313E3F}.Debug|Any CPU.Build.0 = Debug|Any CPU
		{18E31C70-5FFF-4FDC-BBC0-FA96E9313E3F}.Debug|x64.ActiveCfg = Debug|Any CPU
		{18E31C70-5FFF-4FDC-BBC0-FA96E9313E3F}.Debug|x64.Build.0 = Debug|Any CPU
		{18E31C70-5FFF-4FDC-BBC0-FA96E9313E3F}.Debug|x86.ActiveCfg = Debug|Any CPU
		{18E31C70-5FFF-4FDC-BBC0-FA96E9313E3F}.Debug|x86.Build.0 = Debug|Any CPU
		{18E31C70-5FFF-4FDC-BBC0-FA96E9313E3F}.Release|Any CPU.ActiveCfg = Release|Any CPU
		{18E31C70-5FFF-4FDC-BBC0-FA96E9313E3F}.Release|Any CPU.Build.0 = Release|Any CPU
		{18E31C70-5FFF-4FDC-BBC0-FA96E9313E3F}.Release|x64.ActiveCfg = Release|Any CPU
		{18E31C70-5FFF-4FDC-BBC0-FA96E9313E3F}.Release|x64.Build.0 = Release|Any CPU
		{18E31C70-5FFF-4FDC-BBC0-FA96E9313E3F}.Release|x86.ActiveCfg = Release|Any CPU
		{18E31C70-5FFF-4FDC-BBC0-FA96E9313E3F}.Release|x86.Build.0 = Release|Any CPU
		{2275FE36-50E2-4089-95CC-8B7AC4B0ED46}.Debug|Any CPU.ActiveCfg = Debug|Any CPU
		{2275FE36-50E2-4089-95CC-8B7AC4B0ED46}.Debug|Any CPU.Build.0 = Debug|Any CPU
		{2275FE36-50E2-4089-95CC-8B7AC4B0ED46}.Debug|x64.ActiveCfg = Debug|Any CPU
		{2275FE36-50E2-4089-95CC-8B7AC4B0ED46}.Debug|x64.Build.0 = Debug|Any CPU
		{2275FE36-50E2-4089-95CC-8B7AC4B0ED46}.Debug|x86.ActiveCfg = Debug|Any CPU
		{2275FE36-50E2-4089-95CC-8B7AC4B0ED46}.Debug|x86.Build.0 = Debug|Any CPU
		{2275FE36-50E2-4089-95CC-8B7AC4B0ED46}.Release|Any CPU.ActiveCfg = Release|Any CPU
		{2275FE36-50E2-4089-95CC-8B7AC4B0ED46}.Release|Any CPU.Build.0 = Release|Any CPU
		{2275FE36-50E2-4089-95CC-8B7AC4B0ED46}.Release|x64.ActiveCfg = Release|Any CPU
		{2275FE36-50E2-4089-95CC-8B7AC4B0ED46}.Release|x64.Build.0 = Release|Any CPU
		{2275FE36-50E2-4089-95CC-8B7AC4B0ED46}.Release|x86.ActiveCfg = Release|Any CPU
		{2275FE36-50E2-4089-95CC-8B7AC4B0ED46}.Release|x86.Build.0 = Release|Any CPU
	EndGlobalSection
	GlobalSection(SolutionProperties) = preSolution
		HideSolutionNode = FALSE
	EndGlobalSection
EndGlobal
